
Microsoft Visual Studio Solution File, Format Version 12.00
# Visual Studio 2012
Project("{8BC9CEB8-8B4A-11D0-8D11-00A0C91BC942}") = "Cesar", "Cesar\Cesar.vcxproj", "{EEC77F56-6DCC-430F-8253-21E73F583638}"
EndProject
Global
	GlobalSection(SolutionConfigurationPlatforms) = preSolution
		Debug|Win32 = Debug|Win32
		Release|Win32 = Release|Win32
	EndGlobalSection
	GlobalSection(ProjectConfigurationPlatforms) = postSolution
		{EEC77F56-6DCC-430F-8253-21E73F583638}.Debug|Win32.ActiveCfg = Debug|Win32
		{EEC77F56-6DCC-430F-8253-21E73F583638}.Debug|Win32.Build.0 = Debug|Win32
		{EEC77F56-6DCC-430F-8253-21E73F583638}.Release|Win32.ActiveCfg = Release|Win32
		{EEC77F56-6DCC-430F-8253-21E73F583638}.Release|Win32.Build.0 = Release|Win32
	EndGlobalSection
	GlobalSection(SolutionProperties) = preSolution
		HideSolutionNode = FALSE
	EndGlobalSection
EndGlobal
